
Microsoft Visual Studio Solution File, Format Version 12.00
# Visual Studio 15
VisualStudioVersion = 15.0.28010.2026
MinimumVisualStudioVersion = 10.0.40219.1
Project("{FAE04EC0-301F-11D3-BF4B-00C04F79EFBC}") = "WindowsFormsApp1", "WindowsFormsApp1\WindowsFormsApp1.csproj", "{BAEC99E0-7B1F-4405-BC77-39A40F22ADC1}"
EndProject
Global
	GlobalSection(SolutionConfigurationPlatforms) = preSolution
		Debug|Any CPU = Debug|Any CPU
		Release|Any CPU = Release|Any CPU
	EndGlobalSection
	GlobalSection(ProjectConfigurationPlatforms) = postSolution
		{BAEC99E0-7B1F-4405-BC77-39A40F22ADC1}.Debug|Any CPU.ActiveCfg = Debug|Any CPU
		{BAEC99E0-7B1F-4405-BC77-39A40F22ADC1}.Debug|Any CPU.Build.0 = Debug|Any CPU
		{BAEC99E0-7B1F-4405-BC77-39A40F22ADC1}.Release|Any CPU.ActiveCfg = Release|Any CPU
		{BAEC99E0-7B1F-4405-BC77-39A40F22ADC1}.Release|Any CPU.Build.0 = Release|Any CPU
	EndGlobalSection
	GlobalSection(SolutionProperties) = preSolution
		HideSolutionNode = FALSE
	EndGlobalSection
	GlobalSection(ExtensibilityGlobals) = postSolution
		SolutionGuid = {D387941C-D057-48A9-841F-254C5D4BCFBB}
	EndGlobalSection
EndGlobal
